
Microsoft Visual Studio Solution File, Format Version 12.00
# Visual Studio 15
VisualStudioVersion = 15.0.27703.2026
MinimumVisualStudioVersion = 10.0.40219.1
Project("{9092AA53-FB77-4645-B42D-1CCCA6BD08BD}") = "Node", "Node\Node.njsproj", "{1ABEF937-83CB-4548-9781-699D243E2926}"
EndProject
Global
	GlobalSection(SolutionConfigurationPlatforms) = preSolution
		Debug|Any CPU = Debug|Any CPU
		Release|Any CPU = Release|Any CPU
	EndGlobalSection
	GlobalSection(ProjectConfigurationPlatforms) = postSolution
		{1ABEF937-83CB-4548-9781-699D243E2926}.Debug|Any CPU.ActiveCfg = Debug|Any CPU
		{1ABEF937-83CB-4548-9781-699D243E2926}.Debug|Any CPU.Build.0 = Debug|Any CPU
		{1ABEF937-83CB-4548-9781-699D243E2926}.Release|Any CPU.ActiveCfg = Release|Any CPU
		{1ABEF937-83CB-4548-9781-699D243E2926}.Release|Any CPU.Build.0 = Release|Any CPU
	EndGlobalSection
	GlobalSection(SolutionProperties) = preSolution
		HideSolutionNode = FALSE
	EndGlobalSection
	GlobalSection(ExtensibilityGlobals) = postSolution
		SolutionGuid = {35D6D369-04F6-4E15-8624-7670B311E816}
	EndGlobalSection
EndGlobal
